
Microsoft Visual Studio Solution File, Format Version 12.00
# Visual Studio Version 17
VisualStudioVersion = 17.14.36414.22 d17.14
MinimumVisualStudioVersion = 10.0.40219.1
Project("{FAE04EC0-301F-11D3-BF4B-00C04F79EFBC}") = "NASA_Team_ProjectAI_Group2", "NASA_Team_ProjectAI_Group2.csproj", "{A960FC3B-FBB6-47B2-BEB2-826DD280645B}"
EndProject
Global
	GlobalSection(SolutionConfigurationPlatforms) = preSolution
		Debug|Any CPU = Debug|Any CPU
		Release|Any CPU = Release|Any CPU
	EndGlobalSection
	GlobalSection(ProjectConfigurationPlatforms) = postSolution
		{A960FC3B-FBB6-47B2-BEB2-826DD280645B}.Debug|Any CPU.ActiveCfg = Debug|Any CPU
		{A960FC3B-FBB6-47B2-BEB2-826DD280645B}.Debug|Any CPU.Build.0 = Debug|Any CPU
		{A960FC3B-FBB6-47B2-BEB2-826DD280645B}.Release|Any CPU.ActiveCfg = Release|Any CPU
		{A960FC3B-FBB6-47B2-BEB2-826DD280645B}.Release|Any CPU.Build.0 = Release|Any CPU
	EndGlobalSection
	GlobalSection(SolutionProperties) = preSolution
		HideSolutionNode = FALSE
	EndGlobalSection
	GlobalSection(ExtensibilityGlobals) = postSolution
		SolutionGuid = {3AD7B550-A162-454F-8298-26172FE26FC3}
	EndGlobalSection
EndGlobal
